
Microsoft Visual Studio Solution File, Format Version 12.00
# Visual Studio 15
VisualStudioVersion = 15.0.27130.2024
MinimumVisualStudioVersion = 10.0.40219.1
Project("{FAE04EC0-301F-11D3-BF4B-00C04F79EFBC}") = "Problem4", "Problem4\Problem4.csproj", "{EF60761E-D5D2-4968-99B4-FB17C025C5E6}"
EndProject
Global
	GlobalSection(SolutionConfigurationPlatforms) = preSolution
		Debug|Any CPU = Debug|Any CPU
		Release|Any CPU = Release|Any CPU
	EndGlobalSection
	GlobalSection(ProjectConfigurationPlatforms) = postSolution
		{EF60761E-D5D2-4968-99B4-FB17C025C5E6}.Debug|Any CPU.ActiveCfg = Debug|Any CPU
		{EF60761E-D5D2-4968-99B4-FB17C025C5E6}.Debug|Any CPU.Build.0 = Debug|Any CPU
		{EF60761E-D5D2-4968-99B4-FB17C025C5E6}.Release|Any CPU.ActiveCfg = Release|Any CPU
		{EF60761E-D5D2-4968-99B4-FB17C025C5E6}.Release|Any CPU.Build.0 = Release|Any CPU
	EndGlobalSection
	GlobalSection(SolutionProperties) = preSolution
		HideSolutionNode = FALSE
	EndGlobalSection
	GlobalSection(ExtensibilityGlobals) = postSolution
		SolutionGuid = {A6844AD8-3FA8-42A4-AE95-96FA1EC8BCBD}
	EndGlobalSection
EndGlobal
